
Microsoft Visual Studio Solution File, Format Version 12.00
# Visual Studio Version 17
VisualStudioVersion = 17.9.34728.123
MinimumVisualStudioVersion = 10.0.40219.1
Project("{9A19103F-16F7-4668-BE54-9A1E7A4F7556}") = "CaterpillarSystem", "CaterpillarSystem.csproj", "{4BD9CFB3-6BA8-4EC5-95C6-BC6F56E89035}"
EndProject
Project("{FAE04EC0-301F-11D3-BF4B-00C04F79EFBC}") = "CaterpillarSystemTests", "..\CaterpillarSystemTests\CaterpillarSystemTests.csproj", "{0A16E9ED-1EBB-4202-AF33-D554DCD8EDCA}"
EndProject
Global
	GlobalSection(SolutionConfigurationPlatforms) = preSolution
		Debug|Any CPU = Debug|Any CPU
		Release|Any CPU = Release|Any CPU
	EndGlobalSection
	GlobalSection(ProjectConfigurationPlatforms) = postSolution
		{4BD9CFB3-6BA8-4EC5-95C6-BC6F56E89035}.Debug|Any CPU.ActiveCfg = Debug|Any CPU
		{4BD9CFB3-6BA8-4EC5-95C6-BC6F56E89035}.Debug|Any CPU.Build.0 = Debug|Any CPU
		{4BD9CFB3-6BA8-4EC5-95C6-BC6F56E89035}.Release|Any CPU.ActiveCfg = Release|Any CPU
		{4BD9CFB3-6BA8-4EC5-95C6-BC6F56E89035}.Release|Any CPU.Build.0 = Release|Any CPU
		{0A16E9ED-1EBB-4202-AF33-D554DCD8EDCA}.Debug|Any CPU.ActiveCfg = Debug|Any CPU
		{0A16E9ED-1EBB-4202-AF33-D554DCD8EDCA}.Debug|Any CPU.Build.0 = Debug|Any CPU
		{0A16E9ED-1EBB-4202-AF33-D554DCD8EDCA}.Release|Any CPU.ActiveCfg = Release|Any CPU
		{0A16E9ED-1EBB-4202-AF33-D554DCD8EDCA}.Release|Any CPU.Build.0 = Release|Any CPU
	EndGlobalSection
	GlobalSection(SolutionProperties) = preSolution
		HideSolutionNode = FALSE
	EndGlobalSection
	GlobalSection(ExtensibilityGlobals) = postSolution
		SolutionGuid = {1240C90F-AB8C-4F94-BD32-DABDDF5D7F79}
	EndGlobalSection
EndGlobal
